
Microsoft Visual Studio Solution File, Format Version 12.00
# Visual Studio Version 17
VisualStudioVersion = 17.14.36401.2
MinimumVisualStudioVersion = 10.0.40219.1
Project("{8BC9CEB8-8B4A-11D0-8D11-00A0C91BC942}") = "Program3", "Program3.vcxproj", "{290FD719-8464-4611-966A-3C64B2C06B55}"
EndProject
Project("{8BC9CEB8-8B4A-11D0-8D11-00A0C91BC942}") = "Class1th(Input System)", "..\Class1th(Input System)\Class1th(Input System).vcxproj", "{2A556824-9880-4165-B514-D26253F32D42}"
EndProject
Project("{8BC9CEB8-8B4A-11D0-8D11-00A0C91BC942}") = "Class3th(File Input & Output)", "..\Class3th(File Input & Output)\Class3th(File Input & Output).vcxproj", "{ECC3022E-EFB3-4F3A-9F59-CC377C10D2F3}"
EndProject
Global
	GlobalSection(SolutionConfigurationPlatforms) = preSolution
		Debug|x64 = Debug|x64
		Debug|x86 = Debug|x86
		Release|x64 = Release|x64
		Release|x86 = Release|x86
	EndGlobalSection
	GlobalSection(ProjectConfigurationPlatforms) = postSolution
		{290FD719-8464-4611-966A-3C64B2C06B55}.Debug|x64.ActiveCfg = Debug|x64
		{290FD719-8464-4611-966A-3C64B2C06B55}.Debug|x64.Build.0 = Debug|x64
		{290FD719-8464-4611-966A-3C64B2C06B55}.Debug|x86.ActiveCfg = Debug|Win32
		{290FD719-8464-4611-966A-3C64B2C06B55}.Debug|x86.Build.0 = Debug|Win32
		{290FD719-8464-4611-966A-3C64B2C06B55}.Release|x64.ActiveCfg = Release|x64
		{290FD719-8464-4611-966A-3C64B2C06B55}.Release|x64.Build.0 = Release|x64
		{290FD719-8464-4611-966A-3C64B2C06B55}.Release|x86.ActiveCfg = Release|Win32
		{290FD719-8464-4611-966A-3C64B2C06B55}.Release|x86.Build.0 = Release|Win32
		{2A556824-9880-4165-B514-D26253F32D42}.Debug|x64.ActiveCfg = Debug|x64
		{2A556824-9880-4165-B514-D26253F32D42}.Debug|x64.Build.0 = Debug|x64
		{2A556824-9880-4165-B514-D26253F32D42}.Debug|x86.ActiveCfg = Debug|Win32
		{2A556824-9880-4165-B514-D26253F32D42}.Debug|x86.Build.0 = Debug|Win32
		{2A556824-9880-4165-B514-D26253F32D42}.Release|x64.ActiveCfg = Release|x64
		{2A556824-9880-4165-B514-D26253F32D42}.Release|x64.Build.0 = Release|x64
		{2A556824-9880-4165-B514-D26253F32D42}.Release|x86.ActiveCfg = Release|Win32
		{2A556824-9880-4165-B514-D26253F32D42}.Release|x86.Build.0 = Release|Win32
		{ECC3022E-EFB3-4F3A-9F59-CC377C10D2F3}.Debug|x64.ActiveCfg = Debug|x64
		{ECC3022E-EFB3-4F3A-9F59-CC377C10D2F3}.Debug|x64.Build.0 = Debug|x64
		{ECC3022E-EFB3-4F3A-9F59-CC377C10D2F3}.Debug|x86.ActiveCfg = Debug|Win32
		{ECC3022E-EFB3-4F3A-9F59-CC377C10D2F3}.Debug|x86.Build.0 = Debug|Win32
		{ECC3022E-EFB3-4F3A-9F59-CC377C10D2F3}.Release|x64.ActiveCfg = Release|x64
		{ECC3022E-EFB3-4F3A-9F59-CC377C10D2F3}.Release|x64.Build.0 = Release|x64
		{ECC3022E-EFB3-4F3A-9F59-CC377C10D2F3}.Release|x86.ActiveCfg = Release|Win32
		{ECC3022E-EFB3-4F3A-9F59-CC377C10D2F3}.Release|x86.Build.0 = Release|Win32
	EndGlobalSection
	GlobalSection(SolutionProperties) = preSolution
		HideSolutionNode = FALSE
	EndGlobalSection
	GlobalSection(ExtensibilityGlobals) = postSolution
		SolutionGuid = {11803AB8-C649-4397-A741-7D2197B3C7F2}
	EndGlobalSection
EndGlobal
